// !$*UTF8*$!
{
	archiveVersion = 1;
	classes = {
	};
	objectVersion = 56;
	objects = {

/* Begin PBXBuildFile section */
		D018F83529C8E676006CC25C /* Notes Watch App.app in Embed Watch Content */ = {isa = PBXBuildFile; fileRef = D018F83429C8E676006CC25C /* Notes Watch App.app */; settings = {ATTRIBUTES = (RemoveHeadersOnCopy, ); }; };
		D018F83A29C8E676006CC25C /* NotesApp.swift in Sources */ = {isa = PBXBuildFile; fileRef = D018F83929C8E676006CC25C /* NotesApp.swift */; };
		D018F83C29C8E676006CC25C /* ContentView.swift in Sources */ = {isa = PBXBuildFile; fileRef = D018F83B29C8E676006CC25C /* ContentView.swift */; };
		D018F83E29C8E677006CC25C /* Assets.xcassets in Resources */ = {isa = PBXBuildFile; fileRef = D018F83D29C8E677006CC25C /* Assets.xcassets */; };
		D018F84129C8E677006CC25C /* Preview Assets.xcassets in Resources */ = {isa = PBXBuildFile; fileRef = D018F84029C8E677006CC25C /* Preview Assets.xcassets */; };
		D018F84E29C8E8D8006CC25C /* Note.swift in Sources */ = {isa = PBXBuildFile; fileRef = D018F84D29C8E8D8006CC25C /* Note.swift */; };
		D05FFBA329CA3AC2003D323A /* DetailView.swift in Sources */ = {isa = PBXBuildFile; fileRef = D05FFBA229CA3AC2003D323A /* DetailView.swift */; };
		D05FFBA529CA48C2003D323A /* InfoView.swift in Sources */ = {isa = PBXBuildFile; fileRef = D05FFBA429CA48C2003D323A /* InfoView.swift */; };
		D05FFBA829CA4911003D323A /* HeaderView.swift in Sources */ = {isa = PBXBuildFile; fileRef = D05FFBA729CA4911003D323A /* HeaderView.swift */; };
		D05FFBAA29CA4B44003D323A /* SettingsView.swift in Sources */ = {isa = PBXBuildFile; fileRef = D05FFBA929CA4B44003D323A /* SettingsView.swift */; };
		D0D1AAF629CB616800D5BF0C /* DataView.swift in Sources */ = {isa = PBXBuildFile; fileRef = D0D1AAF529CB616800D5BF0C /* DataView.swift */; };
		D0D1AAF829CB774200D5BF0C /* ThemeButtonView.swift in Sources */ = {isa = PBXBuildFile; fileRef = D0D1AAF729CB774200D5BF0C /* ThemeButtonView.swift */; };
/* End PBXBuildFile section */

/* Begin PBXContainerItemProxy section */
		D018F83629C8E676006CC25C /* PBXContainerItemProxy */ = {
			isa = PBXContainerItemProxy;
			containerPortal = D018F82829C8E676006CC25C /* Project object */;
			proxyType = 1;
			remoteGlobalIDString = D018F83329C8E676006CC25C;
			remoteInfo = "Notes Watch App";
		};
/* End PBXContainerItemProxy section */

/* Begin PBXCopyFilesBuildPhase section */
		D018F84729C8E677006CC25C /* Embed Watch Content */ = {
			isa = PBXCopyFilesBuildPhase;
			buildActionMask = 2147483647;
			dstPath = "$(CONTENTS_FOLDER_PATH)/Watch";
			dstSubfolderSpec = 16;
			files = (
				D018F83529C8E676006CC25C /* Notes Watch App.app in Embed Watch Content */,
			);
			name = "Embed Watch Content";
			runOnlyForDeploymentPostprocessing = 0;
		};
/* End PBXCopyFilesBuildPhase section */

/* Begin PBXFileReference section */
		D018F82E29C8E676006CC25C /* Notes.app */ = {isa = PBXFileReference; explicitFileType = wrapper.application; includeInIndex = 0; path = Notes.app; sourceTree = BUILT_PRODUCTS_DIR; };
		D018F83429C8E676006CC25C /* Notes Watch App.app */ = {isa = PBXFileReference; explicitFileType = wrapper.application; includeInIndex = 0; path = "Notes Watch App.app"; sourceTree = BUILT_PRODUCTS_DIR; };
		D018F83929C8E676006CC25C /* NotesApp.swift */ = {isa = PBXFileReference; lastKnownFileType = sourcecode.swift; path = NotesApp.swift; sourceTree = "<group>"; };
		D018F83B29C8E676006CC25C /* ContentView.swift */ = {isa = PBXFileReference; lastKnownFileType = sourcecode.swift; path = ContentView.swift; sourceTree = "<group>"; };
		D018F83D29C8E677006CC25C /* Assets.xcassets */ = {isa = PBXFileReference; lastKnownFileType = folder.assetcatalog; path = Assets.xcassets; sourceTree = "<group>"; };
		D018F84029C8E677006CC25C /* Preview Assets.xcassets */ = {isa = PBXFileReference; lastKnownFileType = folder.assetcatalog; path = "Preview Assets.xcassets"; sourceTree = "<group>"; };
		D018F84D29C8E8D8006CC25C /* Note.swift */ = {isa = PBXFileReference; lastKnownFileType = sourcecode.swift; path = Note.swift; sourceTree = "<group>"; };
		D05FFBA229CA3AC2003D323A /* DetailView.swift */ = {isa = PBXFileReference; lastKnownFileType = sourcecode.swift; path = DetailView.swift; sourceTree = "<group>"; };
		D05FFBA429CA48C2003D323A /* InfoView.swift */ = {isa = PBXFileReference; lastKnownFileType = sourcecode.swift; path = InfoView.swift; sourceTree = "<group>"; };
		D05FFBA729CA4911003D323A /* HeaderView.swift */ = {isa = PBXFileReference; lastKnownFileType = sourcecode.swift; path = HeaderView.swift; sourceTree = "<group>"; };
		D05FFBA929CA4B44003D323A /* SettingsView.swift */ = {isa = PBXFileReference; lastKnownFileType = sourcecode.swift; path = SettingsView.swift; sourceTree = "<group>"; };
		D0D1AAF529CB616800D5BF0C /* DataView.swift */ = {isa = PBXFileReference; lastKnownFileType = sourcecode.swift; path = DataView.swift; sourceTree = "<group>"; };
		D0D1AAF729CB774200D5BF0C /* ThemeButtonView.swift */ = {isa = PBXFileReference; lastKnownFileType = sourcecode.swift; path = ThemeButtonView.swift; sourceTree = "<group>"; };
/* End PBXFileReference section */

/* Begin PBXFrameworksBuildPhase section */
		D018F83129C8E676006CC25C /* Frameworks */ = {
			isa = PBXFrameworksBuildPhase;
			buildActionMask = 2147483647;
			files = (
			);
			runOnlyForDeploymentPostprocessing = 0;
		};
/* End PBXFrameworksBuildPhase section */

/* Begin PBXGroup section */
		D018F82729C8E676006CC25C = {
			isa = PBXGroup;
			children = (
				D018F83829C8E676006CC25C /* Notes Watch App */,
				D018F82F29C8E676006CC25C /* Products */,
			);
			sourceTree = "<group>";
		};
		D018F82F29C8E676006CC25C /* Products */ = {
			isa = PBXGroup;
			children = (
				D018F82E29C8E676006CC25C /* Notes.app */,
				D018F83429C8E676006CC25C /* Notes Watch App.app */,
			);
			name = Products;
			sourceTree = "<group>";
		};
		D018F83829C8E676006CC25C /* Notes Watch App */ = {
			isa = PBXGroup;
			children = (
				D05FFBA629CA4903003D323A /* Components */,
				D018F84C29C8E8C5006CC25C /* Model */,
				D018F83929C8E676006CC25C /* NotesApp.swift */,
				D018F84B29C8E8B5006CC25C /* View */,
				D018F83D29C8E677006CC25C /* Assets.xcassets */,
				D018F83F29C8E677006CC25C /* Preview Content */,
			);
			path = "Notes Watch App";
			sourceTree = "<group>";
		};
		D018F83F29C8E677006CC25C /* Preview Content */ = {
			isa = PBXGroup;
			children = (
				D018F84029C8E677006CC25C /* Preview Assets.xcassets */,
			);
			path = "Preview Content";
			sourceTree = "<group>";
		};
		D018F84B29C8E8B5006CC25C /* View */ = {
			isa = PBXGroup;
			children = (
				D018F83B29C8E676006CC25C /* ContentView.swift */,
				D05FFBA229CA3AC2003D323A /* DetailView.swift */,
				D05FFBA429CA48C2003D323A /* InfoView.swift */,
				D05FFBA929CA4B44003D323A /* SettingsView.swift */,
			);
			path = View;
			sourceTree = "<group>";
		};
		D018F84C29C8E8C5006CC25C /* Model */ = {
			isa = PBXGroup;
			children = (
				D018F84D29C8E8D8006CC25C /* Note.swift */,
			);
			path = Model;
			sourceTree = "<group>";
		};
		D05FFBA629CA4903003D323A /* Components */ = {
			isa = PBXGroup;
			children = (
				D05FFBA729CA4911003D323A /* HeaderView.swift */,
				D0D1AAF529CB616800D5BF0C /* DataView.swift */,
				D0D1AAF729CB774200D5BF0C /* ThemeButtonView.swift */,
			);
			path = Components;
			sourceTree = "<group>";
		};
/* End PBXGroup section */

/* Begin PBXNativeTarget section */
		D018F82D29C8E676006CC25C /* Notes */ = {
			isa = PBXNativeTarget;
			buildConfigurationList = D018F84829C8E677006CC25C /* Build configuration list for PBXNativeTarget "Notes" */;
			buildPhases = (
				D018F82C29C8E676006CC25C /* Resources */,
				D018F84729C8E677006CC25C /* Embed Watch Content */,
			);
			buildRules = (
			);
			dependencies = (
				D018F83729C8E676006CC25C /* PBXTargetDependency */,
			);
			name = Notes;
			productName = Notes;
			productReference = D018F82E29C8E676006CC25C /* Notes.app */;
			productType = "com.apple.product-type.application.watchapp2-container";
		};
		D018F83329C8E676006CC25C /* Notes Watch App */ = {
			isa = PBXNativeTarget;
			buildConfigurationList = D018F84429C8E677006CC25C /* Build configuration list for PBXNativeTarget "Notes Watch App" */;
			buildPhases = (
				D018F83029C8E676006CC25C /* Sources */,
				D018F83129C8E676006CC25C /* Frameworks */,
				D018F83229C8E676006CC25C /* Resources */,
			);
			buildRules = (
			);
			dependencies = (
			);
			name = "Notes Watch App";
			productName = "Notes Watch App";
			productReference = D018F83429C8E676006CC25C /* Notes Watch App.app */;
			productType = "com.apple.product-type.application";
		};
/* End PBXNativeTarget section */

/* Begin PBXProject section */
		D018F82829C8E676006CC25C /* Project object */ = {
			isa = PBXProject;
			attributes = {
				BuildIndependentTargetsInParallel = 1;
				LastSwiftUpdateCheck = 1420;
				LastUpgradeCheck = 1420;
				TargetAttributes = {
					D018F82D29C8E676006CC25C = {
						CreatedOnToolsVersion = 14.2;
					};
					D018F83329C8E676006CC25C = {
						CreatedOnToolsVersion = 14.2;
					};
				};
			};
			buildConfigurationList = D018F82B29C8E676006CC25C /* Build configuration list for PBXProject "Notes" */;
			compatibilityVersion = "Xcode 14.0";
			developmentRegion = en;
			hasScannedForEncodings = 0;
			knownRegions = (
				en,
				Base,
			);
			mainGroup = D018F82729C8E676006CC25C;
			productRefGroup = D018F82F29C8E676006CC25C /* Products */;
			projectDirPath = "";
			projectRoot = "";
			targets = (
				D018F82D29C8E676006CC25C /* Notes */,
				D018F83329C8E676006CC25C /* Notes Watch App */,
			);
		};
/* End PBXProject section */

/* Begin PBXResourcesBuildPhase section */
		D018F82C29C8E676006CC25C /* Resources */ = {
			isa = PBXResourcesBuildPhase;
			buildActionMask = 2147483647;
			files = (
			);
			runOnlyForDeploymentPostprocessing = 0;
		};
		D018F83229C8E676006CC25C /* Resources */ = {
			isa = PBXResourcesBuildPhase;
			buildActionMask = 2147483647;
			files = (
				D018F84129C8E677006CC25C /* Preview Assets.xcassets in Resources */,
				D018F83E29C8E677006CC25C /* Assets.xcassets in Resources */,
			);
			runOnlyForDeploymentPostprocessing = 0;
		};
/* End PBXResourcesBuildPhase section */

/* Begin PBXSourcesBuildPhase section */
		D018F83029C8E676006CC25C /* Sources */ = {
			isa = PBXSourcesBuildPhase;
			buildActionMask = 2147483647;
			files = (
				D018F83C29C8E676006CC25C /* ContentView.swift in Sources */,
				D05FFBA829CA4911003D323A /* HeaderView.swift in Sources */,
				D05FFBA329CA3AC2003D323A /* DetailView.swift in Sources */,
				D018F83A29C8E676006CC25C /* NotesApp.swift in Sources */,
				D05FFBAA29CA4B44003D323A /* SettingsView.swift in Sources */,
				D05FFBA529CA48C2003D323A /* InfoView.swift in Sources */,
				D0D1AAF629CB616800D5BF0C /* DataView.swift in Sources */,
				D018F84E29C8E8D8006CC25C /* Note.swift in Sources */,
				D0D1AAF829CB774200D5BF0C /* ThemeButtonView.swift in Sources */,
			);
			runOnlyForDeploymentPostprocessing = 0;
		};
/* End PBXSourcesBuildPhase section */

/* Begin PBXTargetDependency section */
		D018F83729C8E676006CC25C /* PBXTargetDependency */ = {
			isa = PBXTargetDependency;
			target = D018F83329C8E676006CC25C /* Notes Watch App */;
			targetProxy = D018F83629C8E676006CC25C /* PBXContainerItemProxy */;
		};
/* End PBXTargetDependency section */

/* Begin XCBuildConfiguration section */
		D018F84229C8E677006CC25C /* Debug */ = {
			isa = XCBuildConfiguration;
			buildSettings = {
				ALWAYS_SEARCH_USER_PATHS = NO;
				CLANG_ANALYZER_NONNULL = YES;
				CLANG_ANALYZER_NUMBER_OBJECT_CONVERSION = YES_AGGRESSIVE;
				CLANG_CXX_LANGUAGE_STANDARD = "gnu++20";
				CLANG_ENABLE_MODULES = YES;
				CLANG_ENABLE_OBJC_ARC = YES;
				CLANG_ENABLE_OBJC_WEAK = YES;
				CLANG_WARN_BLOCK_CAPTURE_AUTORELEASING = YES;
				CLANG_WARN_BOOL_CONVERSION = YES;
				CLANG_WARN_COMMA = YES;
				CLANG_WARN_CONSTANT_CONVERSION = YES;
				CLANG_WARN_DEPRECATED_OBJC_IMPLEMENTATIONS = YES;
				CLANG_WARN_DIRECT_OBJC_ISA_USAGE = YES_ERROR;
				CLANG_WARN_DOCUMENTATION_COMMENTS = YES;
				CLANG_WARN_EMPTY_BODY = YES;
				CLANG_WARN_ENUM_CONVERSION = YES;
				CLANG_WARN_INFINITE_RECURSION = YES;
				CLANG_WARN_INT_CONVERSION = YES;
				CLANG_WARN_NON_LITERAL_NULL_CONVERSION = YES;
				CLANG_WARN_OBJC_IMPLICIT_RETAIN_SELF = YES;
				CLANG_WARN_OBJC_LITERAL_CONVERSION = YES;
				CLANG_WARN_OBJC_ROOT_CLASS = YES_ERROR;
				CLANG_WARN_QUOTED_INCLUDE_IN_FRAMEWORK_HEADER = YES;
				CLANG_WARN_RANGE_LOOP_ANALYSIS = YES;
				CLANG_WARN_STRICT_PROTOTYPES = YES;
				CLANG_WARN_SUSPICIOUS_MOVE = YES;
				CLANG_WARN_UNGUARDED_AVAILABILITY = YES_AGGRESSIVE;
				CLANG_WARN_UNREACHABLE_CODE = YES;
				CLANG_WARN__DUPLICATE_METHOD_MATCH = YES;
				COPY_PHASE_STRIP = NO;
				DEBUG_INFORMATION_FORMAT = dwarf;
				ENABLE_STRICT_OBJC_MSGSEND = YES;
				ENABLE_TESTABILITY = YES;
				GCC_C_LANGUAGE_STANDARD = gnu11;
				GCC_DYNAMIC_NO_PIC = NO;
				GCC_NO_COMMON_BLOCKS = YES;
				GCC_OPTIMIZATION_LEVEL = 0;
				GCC_PREPROCESSOR_DEFINITIONS = (
					"DEBUG=1",
					"$(inherited)",
				);
				GCC_WARN_64_TO_32_BIT_CONVERSION = YES;
				GCC_WARN_ABOUT_RETURN_TYPE = YES_ERROR;
				GCC_WARN_UNDECLARED_SELECTOR = YES;
				GCC_WARN_UNINITIALIZED_AUTOS = YES_AGGRESSIVE;
				GCC_WARN_UNUSED_FUNCTION = YES;
				GCC_WARN_UNUSED_VARIABLE = YES;
				MTL_ENABLE_DEBUG_INFO = INCLUDE_SOURCE;
				MTL_FAST_MATH = YES;
				ONLY_ACTIVE_ARCH = YES;
				SWIFT_ACTIVE_COMPILATION_CONDITIONS = DEBUG;
				SWIFT_OPTIMIZATION_LEVEL = "-Onone";
			};
			name = Debug;
		};
		D018F84329C8E677006CC25C /* Release */ = {
			isa = XCBuildConfiguration;
			buildSettings = {
				ALWAYS_SEARCH_USER_PATHS = NO;
				CLANG_ANALYZER_NONNULL = YES;
				CLANG_ANALYZER_NUMBER_OBJECT_CONVERSION = YES_AGGRESSIVE;
				CLANG_CXX_LANGUAGE_STANDARD = "gnu++20";
				CLANG_ENABLE_MODULES = YES;
				CLANG_ENABLE_OBJC_ARC = YES;
				CLANG_ENABLE_OBJC_WEAK = YES;
				CLANG_WARN_BLOCK_CAPTURE_AUTORELEASING = YES;
				CLANG_WARN_BOOL_CONVERSION = YES;
				CLANG_WARN_COMMA = YES;
				CLANG_WARN_CONSTANT_CONVERSION = YES;
				CLANG_WARN_DEPRECATED_OBJC_IMPLEMENTATIONS = YES;
				CLANG_WARN_DIRECT_OBJC_ISA_USAGE = YES_ERROR;
				CLANG_WARN_DOCUMENTATION_COMMENTS = YES;
				CLANG_WARN_EMPTY_BODY = YES;
				CLANG_WARN_ENUM_CONVERSION = YES;
				CLANG_WARN_INFINITE_RECURSION = YES;
				CLANG_WARN_INT_CONVERSION = YES;
				CLANG_WARN_NON_LITERAL_NULL_CONVERSION = YES;
				CLANG_WARN_OBJC_IMPLICIT_RETAIN_SELF = YES;
				CLANG_WARN_OBJC_LITERAL_CONVERSION = YES;
				CLANG_WARN_OBJC_ROOT_CLASS = YES_ERROR;
				CLANG_WARN_QUOTED_INCLUDE_IN_FRAMEWORK_HEADER = YES;
				CLANG_WARN_RANGE_LOOP_ANALYSIS = YES;
				CLANG_WARN_STRICT_PROTOTYPES = YES;
				CLANG_WARN_SUSPICIOUS_MOVE = YES;
				CLANG_WARN_UNGUARDED_AVAILABILITY = YES_AGGRESSIVE;
				CLANG_WARN_UNREACHABLE_CODE = YES;
				CLANG_WARN__DUPLICATE_METHOD_MATCH = YES;
				COPY_PHASE_STRIP = NO;
				DEBUG_INFORMATION_FORMAT = "dwarf-with-dsym";
				ENABLE_NS_ASSERTIONS = NO;
				ENABLE_STRICT_OBJC_MSGSEND = YES;
				GCC_C_LANGUAGE_STANDARD = gnu11;
				GCC_NO_COMMON_BLOCKS = YES;
				GCC_WARN_64_TO_32_BIT_CONVERSION = YES;
				GCC_WARN_ABOUT_RETURN_TYPE = YES_ERROR;
				GCC_WARN_UNDECLARED_SELECTOR = YES;
				GCC_WARN_UNINITIALIZED_AUTOS = YES_AGGRESSIVE;
				GCC_WARN_UNUSED_FUNCTION = YES;
				GCC_WARN_UNUSED_VARIABLE = YES;
				MTL_ENABLE_DEBUG_INFO = NO;
				MTL_FAST_MATH = YES;
				SWIFT_COMPILATION_MODE = wholemodule;
				SWIFT_OPTIMIZATION_LEVEL = "-O";
			};
			name = Release;
		};
		D018F84529C8E677006CC25C /* Debug */ = {
			isa = XCBuildConfiguration;
			buildSettings = {
				ASSETCATALOG_COMPILER_APPICON_NAME = AppIcon;
				ASSETCATALOG_COMPILER_GLOBAL_ACCENT_COLOR_NAME = AccentColor;
				CODE_SIGN_STYLE = Automatic;
				CURRENT_PROJECT_VERSION = 1;
				DEVELOPMENT_ASSET_PATHS = "\"Notes Watch App/Preview Content\"";
				DEVELOPMENT_TEAM = 3NH8XKCR79;
				ENABLE_PREVIEWS = YES;
				GENERATE_INFOPLIST_FILE = YES;
				INFOPLIST_KEY_CFBundleDisplayName = Notes;
				INFOPLIST_KEY_UISupportedInterfaceOrientations = "UIInterfaceOrientationPortrait UIInterfaceOrientationPortraitUpsideDown";
				INFOPLIST_KEY_WKWatchOnly = YES;
				LD_RUNPATH_SEARCH_PATHS = (
					"$(inherited)",
					"@executable_path/Frameworks",
				);
				MARKETING_VERSION = 1.0;
				PRODUCT_BUNDLE_IDENTIFIER = paulinawyskiel.Notes.watchkitapp;
				PRODUCT_NAME = "$(TARGET_NAME)";
				SDKROOT = watchos;
				SKIP_INSTALL = YES;
				SWIFT_EMIT_LOC_STRINGS = YES;
				SWIFT_VERSION = 5.0;
				TARGETED_DEVICE_FAMILY = 4;
				WATCHOS_DEPLOYMENT_TARGET = 9.1;
			};
			name = Debug;
		};
		D018F84629C8E677006CC25C /* Release */ = {
			isa = XCBuildConfiguration;
			buildSettings = {
				ASSETCATALOG_COMPILER_APPICON_NAME = AppIcon;
				ASSETCATALOG_COMPILER_GLOBAL_ACCENT_COLOR_NAME = AccentColor;
				CODE_SIGN_STYLE = Automatic;
				CURRENT_PROJECT_VERSION = 1;
				DEVELOPMENT_ASSET_PATHS = "\"Notes Watch App/Preview Content\"";
				DEVELOPMENT_TEAM = 3NH8XKCR79;
				ENABLE_PREVIEWS = YES;
				GENERATE_INFOPLIST_FILE = YES;
				INFOPLIST_KEY_CFBundleDisplayName = Notes;
				INFOPLIST_KEY_UISupportedInterfaceOrientations = "UIInterfaceOrientationPortrait UIInterfaceOrientationPortraitUpsideDown";
				INFOPLIST_KEY_WKWatchOnly = YES;
				LD_RUNPATH_SEARCH_PATHS = (
					"$(inherited)",
					"@executable_path/Frameworks",
				);
				MARKETING_VERSION = 1.0;
				PRODUCT_BUNDLE_IDENTIFIER = paulinawyskiel.Notes.watchkitapp;
				PRODUCT_NAME = "$(TARGET_NAME)";
				SDKROOT = watchos;
				SKIP_INSTALL = YES;
				SWIFT_EMIT_LOC_STRINGS = YES;
				SWIFT_VERSION = 5.0;
				TARGETED_DEVICE_FAMILY = 4;
				VALIDATE_PRODUCT = YES;
				WATCHOS_DEPLOYMENT_TARGET = 9.1;
			};
			name = Release;
		};
		D018F84929C8E677006CC25C /* Debug */ = {
			isa = XCBuildConfiguration;
			buildSettings = {
				ALWAYS_EMBED_SWIFT_STANDARD_LIBRARIES = YES;
				CODE_SIGN_STYLE = Automatic;
				CURRENT_PROJECT_VERSION = 1;
				DEVELOPMENT_TEAM = 3NH8XKCR79;
				INFOPLIST_KEY_CFBundleDisplayName = Notes;
				MARKETING_VERSION = 1.0;
				PRODUCT_BUNDLE_IDENTIFIER = paulinawyskiel.Notes;
				PRODUCT_NAME = "$(TARGET_NAME)";
				SDKROOT = iphoneos;
				SWIFT_VERSION = 5.0;
			};
			name = Debug;
		};
		D018F84A29C8E677006CC25C /* Release */ = {
			isa = XCBuildConfiguration;
			buildSettings = {
				ALWAYS_EMBED_SWIFT_STANDARD_LIBRARIES = YES;
				CODE_SIGN_STYLE = Automatic;
				CURRENT_PROJECT_VERSION = 1;
				DEVELOPMENT_TEAM = 3NH8XKCR79;
				INFOPLIST_KEY_CFBundleDisplayName = Notes;
				MARKETING_VERSION = 1.0;
				PRODUCT_BUNDLE_IDENTIFIER = paulinawyskiel.Notes;
				PRODUCT_NAME = "$(TARGET_NAME)";
				SDKROOT = iphoneos;
				SWIFT_VERSION = 5.0;
				VALIDATE_PRODUCT = YES;
			};
			name = Release;
		};
/* End XCBuildConfiguration section */

/* Begin XCConfigurationList section */
		D018F82B29C8E676006CC25C /* Build configuration list for PBXProject "Notes" */ = {
			isa = XCConfigurationList;
			buildConfigurations = (
				D018F84229C8E677006CC25C /* Debug */,
				D018F84329C8E677006CC25C /* Release */,
			);
			defaultConfigurationIsVisible = 0;
			defaultConfigurationName = Release;
		};
		D018F84429C8E677006CC25C /* Build configuration list for PBXNativeTarget "Notes Watch App" */ = {
			isa = XCConfigurationList;
			buildConfigurations = (
				D018F84529C8E677006CC25C /* Debug */,
				D018F84629C8E677006CC25C /* Release */,
			);
			defaultConfigurationIsVisible = 0;
			defaultConfigurationName = Release;
		};
		D018F84829C8E677006CC25C /* Build configuration list for PBXNativeTarget "Notes" */ = {
			isa = XCConfigurationList;
			buildConfigurations = (
				D018F84929C8E677006CC25C /* Debug */,
				D018F84A29C8E677006CC25C /* Release */,
			);
			defaultConfigurationIsVisible = 0;
			defaultConfigurationName = Release;
		};
/* End XCConfigurationList section */
	};
	rootObject = D018F82829C8E676006CC25C /* Project object */;
}
